// !$*UTF8*$!
{
	archiveVersion = 1;
	classes = {
	};
	objectVersion = 46;
	objects = {

/* Begin PBXBuildFile section */
		C80766EA1A51483A0085E5C9 /* Feed.swift in Sources */ = {isa = PBXBuildFile; fileRef = C80766E91A51483A0085E5C9 /* Feed.swift */; };
		C80766EE1A5152980085E5C9 /* addFeedViewController.swift in Sources */ = {isa = PBXBuildFile; fileRef = C80766ED1A5152980085E5C9 /* addFeedViewController.swift */; };
		C88685C11A2711B700FCF4FF /* AppDelegate.swift in Sources */ = {isa = PBXBuildFile; fileRef = C88685C01A2711B700FCF4FF /* AppDelegate.swift */; };
		C88685C61A2711B700FCF4FF /* Main.storyboard in Resources */ = {isa = PBXBuildFile; fileRef = C88685C41A2711B700FCF4FF /* Main.storyboard */; };
		C88685C81A2711B700FCF4FF /* Images.xcassets in Resources */ = {isa = PBXBuildFile; fileRef = C88685C71A2711B700FCF4FF /* Images.xcassets */; };
		C88685CB1A2711B700FCF4FF /* LaunchScreen.xib in Resources */ = {isa = PBXBuildFile; fileRef = C88685C91A2711B700FCF4FF /* LaunchScreen.xib */; };
		C88685D71A2711B700FCF4FF /* CS392ProjectTests.swift in Sources */ = {isa = PBXBuildFile; fileRef = C88685D61A2711B700FCF4FF /* CS392ProjectTests.swift */; };
		C88685E11A27129600FCF4FF /* TitlesTableViewController.swift in Sources */ = {isa = PBXBuildFile; fileRef = C88685E01A27129600FCF4FF /* TitlesTableViewController.swift */; };
		C88685E31A2712D100FCF4FF /* NewsViewController.swift in Sources */ = {isa = PBXBuildFile; fileRef = C88685E21A2712D100FCF4FF /* NewsViewController.swift */; };
		C88685E51A2712F700FCF4FF /* ContainerViewController.swift in Sources */ = {isa = PBXBuildFile; fileRef = C88685E41A2712F700FCF4FF /* ContainerViewController.swift */; };
		C88685E71A27131B00FCF4FF /* RSSParser.swift in Sources */ = {isa = PBXBuildFile; fileRef = C88685E61A27131B00FCF4FF /* RSSParser.swift */; };
		C8C9FE5D1A60160C00B22ED4 /* FeedsViewController.swift in Sources */ = {isa = PBXBuildFile; fileRef = C8C9FE5C1A60160C00B22ED4 /* FeedsViewController.swift */; };
		C8C9FE5F1A601A3200B22ED4 /* PopoverViewController.swift in Sources */ = {isa = PBXBuildFile; fileRef = C8C9FE5E1A601A3200B22ED4 /* PopoverViewController.swift */; };
/* End PBXBuildFile section */

/* Begin PBXContainerItemProxy section */
		C88685D11A2711B700FCF4FF /* PBXContainerItemProxy */ = {
			isa = PBXContainerItemProxy;
			containerPortal = C88685B31A2711B700FCF4FF /* Project object */;
			proxyType = 1;
			remoteGlobalIDString = C88685BA1A2711B700FCF4FF;
			remoteInfo = CS392Project;
		};
/* End PBXContainerItemProxy section */

/* Begin PBXFileReference section */
		C80766E91A51483A0085E5C9 /* Feed.swift */ = {isa = PBXFileReference; fileEncoding = 4; lastKnownFileType = sourcecode.swift; path = Feed.swift; sourceTree = "<group>"; };
		C80766ED1A5152980085E5C9 /* addFeedViewController.swift */ = {isa = PBXFileReference; fileEncoding = 4; lastKnownFileType = sourcecode.swift; path = addFeedViewController.swift; sourceTree = "<group>"; };
		C88685BB1A2711B700FCF4FF /* CS392Project.app */ = {isa = PBXFileReference; explicitFileType = wrapper.application; includeInIndex = 0; path = CS392Project.app; sourceTree = BUILT_PRODUCTS_DIR; };
		C88685BF1A2711B700FCF4FF /* Info.plist */ = {isa = PBXFileReference; lastKnownFileType = text.plist.xml; path = Info.plist; sourceTree = "<group>"; };
		C88685C01A2711B700FCF4FF /* AppDelegate.swift */ = {isa = PBXFileReference; lastKnownFileType = sourcecode.swift; path = AppDelegate.swift; sourceTree = "<group>"; };
		C88685C51A2711B700FCF4FF /* Base */ = {isa = PBXFileReference; lastKnownFileType = file.storyboard; name = Base; path = Base.lproj/Main.storyboard; sourceTree = "<group>"; };
		C88685C71A2711B700FCF4FF /* Images.xcassets */ = {isa = PBXFileReference; lastKnownFileType = folder.assetcatalog; path = Images.xcassets; sourceTree = "<group>"; };
		C88685CA1A2711B700FCF4FF /* Base */ = {isa = PBXFileReference; lastKnownFileType = file.xib; name = Base; path = Base.lproj/LaunchScreen.xib; sourceTree = "<group>"; };
		C88685D01A2711B700FCF4FF /* CS392ProjectTests.xctest */ = {isa = PBXFileReference; explicitFileType = wrapper.cfbundle; includeInIndex = 0; path = CS392ProjectTests.xctest; sourceTree = BUILT_PRODUCTS_DIR; };
		C88685D51A2711B700FCF4FF /* Info.plist */ = {isa = PBXFileReference; lastKnownFileType = text.plist.xml; path = Info.plist; sourceTree = "<group>"; };
		C88685D61A2711B700FCF4FF /* CS392ProjectTests.swift */ = {isa = PBXFileReference; lastKnownFileType = sourcecode.swift; path = CS392ProjectTests.swift; sourceTree = "<group>"; };
		C88685E01A27129600FCF4FF /* TitlesTableViewController.swift */ = {isa = PBXFileReference; fileEncoding = 4; lastKnownFileType = sourcecode.swift; path = TitlesTableViewController.swift; sourceTree = "<group>"; };
		C88685E21A2712D100FCF4FF /* NewsViewController.swift */ = {isa = PBXFileReference; fileEncoding = 4; lastKnownFileType = sourcecode.swift; path = NewsViewController.swift; sourceTree = "<group>"; };
		C88685E41A2712F700FCF4FF /* ContainerViewController.swift */ = {isa = PBXFileReference; fileEncoding = 4; lastKnownFileType = sourcecode.swift; path = ContainerViewController.swift; sourceTree = "<group>"; };
		C88685E61A27131B00FCF4FF /* RSSParser.swift */ = {isa = PBXFileReference; fileEncoding = 4; lastKnownFileType = sourcecode.swift; path = RSSParser.swift; sourceTree = "<group>"; };
		C8C9FE5C1A60160C00B22ED4 /* FeedsViewController.swift */ = {isa = PBXFileReference; fileEncoding = 4; lastKnownFileType = sourcecode.swift; path = FeedsViewController.swift; sourceTree = "<group>"; };
		C8C9FE5E1A601A3200B22ED4 /* PopoverViewController.swift */ = {isa = PBXFileReference; fileEncoding = 4; lastKnownFileType = sourcecode.swift; path = PopoverViewController.swift; sourceTree = "<group>"; };
/* End PBXFileReference section */

/* Begin PBXFrameworksBuildPhase section */
		C88685B81A2711B700FCF4FF /* Frameworks */ = {
			isa = PBXFrameworksBuildPhase;
			buildActionMask = 2147483647;
			files = (
			);
			runOnlyForDeploymentPostprocessing = 0;
		};
		C88685CD1A2711B700FCF4FF /* Frameworks */ = {
			isa = PBXFrameworksBuildPhase;
			buildActionMask = 2147483647;
			files = (
			);
			runOnlyForDeploymentPostprocessing = 0;
		};
/* End PBXFrameworksBuildPhase section */

/* Begin PBXGroup section */
		C88685B21A2711B700FCF4FF = {
			isa = PBXGroup;
			children = (
				C88685BD1A2711B700FCF4FF /* CS392Project */,
				C88685D31A2711B700FCF4FF /* CS392ProjectTests */,
				C88685BC1A2711B700FCF4FF /* Products */,
			);
			sourceTree = "<group>";
		};
		C88685BC1A2711B700FCF4FF /* Products */ = {
			isa = PBXGroup;
			children = (
				C88685BB1A2711B700FCF4FF /* CS392Project.app */,
				C88685D01A2711B700FCF4FF /* CS392ProjectTests.xctest */,
			);
			name = Products;
			sourceTree = "<group>";
		};
		C88685BD1A2711B700FCF4FF /* CS392Project */ = {
			isa = PBXGroup;
			children = (
				C88685C01A2711B700FCF4FF /* AppDelegate.swift */,
				C88685C41A2711B700FCF4FF /* Main.storyboard */,
				C88685C71A2711B700FCF4FF /* Images.xcassets */,
				C88685C91A2711B700FCF4FF /* LaunchScreen.xib */,
				C88685BE1A2711B700FCF4FF /* Supporting Files */,
				C88685E01A27129600FCF4FF /* TitlesTableViewController.swift */,
				C88685E21A2712D100FCF4FF /* NewsViewController.swift */,
				C88685E41A2712F700FCF4FF /* ContainerViewController.swift */,
				C88685E61A27131B00FCF4FF /* RSSParser.swift */,
				C80766E91A51483A0085E5C9 /* Feed.swift */,
				C80766ED1A5152980085E5C9 /* addFeedViewController.swift */,
				C8C9FE5C1A60160C00B22ED4 /* FeedsViewController.swift */,
				C8C9FE5E1A601A3200B22ED4 /* PopoverViewController.swift */,
			);
			path = CS392Project;
			sourceTree = "<group>";
		};
		C88685BE1A2711B700FCF4FF /* Supporting Files */ = {
			isa = PBXGroup;
			children = (
				C88685BF1A2711B700FCF4FF /* Info.plist */,
			);
			name = "Supporting Files";
			sourceTree = "<group>";
		};
		C88685D31A2711B700FCF4FF /* CS392ProjectTests */ = {
			isa = PBXGroup;
			children = (
				C88685D61A2711B700FCF4FF /* CS392ProjectTests.swift */,
				C88685D41A2711B700FCF4FF /* Supporting Files */,
			);
			path = CS392ProjectTests;
			sourceTree = "<group>";
		};
		C88685D41A2711B700FCF4FF /* Supporting Files */ = {
			isa = PBXGroup;
			children = (
				C88685D51A2711B700FCF4FF /* Info.plist */,
			);
			name = "Supporting Files";
			sourceTree = "<group>";
		};
/* End PBXGroup section */

/* Begin PBXNativeTarget section */
		C88685BA1A2711B700FCF4FF /* CS392Project */ = {
			isa = PBXNativeTarget;
			buildConfigurationList = C88685DA1A2711B700FCF4FF /* Build configuration list for PBXNativeTarget "CS392Project" */;
			buildPhases = (
				C88685B71A2711B700FCF4FF /* Sources */,
				C88685B81A2711B700FCF4FF /* Frameworks */,
				C88685B91A2711B700FCF4FF /* Resources */,
			);
			buildRules = (
			);
			dependencies = (
			);
			name = CS392Project;
			productName = CS392Project;
			productReference = C88685BB1A2711B700FCF4FF /* CS392Project.app */;
			productType = "com.apple.product-type.application";
		};
		C88685CF1A2711B700FCF4FF /* CS392ProjectTests */ = {
			isa = PBXNativeTarget;
			buildConfigurationList = C88685DD1A2711B700FCF4FF /* Build configuration list for PBXNativeTarget "CS392ProjectTests" */;
			buildPhases = (
				C88685CC1A2711B700FCF4FF /* Sources */,
				C88685CD1A2711B700FCF4FF /* Frameworks */,
				C88685CE1A2711B700FCF4FF /* Resources */,
			);
			buildRules = (
			);
			dependencies = (
				C88685D21A2711B700FCF4FF /* PBXTargetDependency */,
			);
			name = CS392ProjectTests;
			productName = CS392ProjectTests;
			productReference = C88685D01A2711B700FCF4FF /* CS392ProjectTests.xctest */;
			productType = "com.apple.product-type.bundle.unit-test";
		};
/* End PBXNativeTarget section */

/* Begin PBXProject section */
		C88685B31A2711B700FCF4FF /* Project object */ = {
			isa = PBXProject;
			attributes = {
				LastUpgradeCheck = 0610;
				ORGANIZATIONNAME = "Burak Atalay";
				TargetAttributes = {
					C88685BA1A2711B700FCF4FF = {
						CreatedOnToolsVersion = 6.1;
					};
					C88685CF1A2711B700FCF4FF = {
						CreatedOnToolsVersion = 6.1;
						TestTargetID = C88685BA1A2711B700FCF4FF;
					};
				};
			};
			buildConfigurationList = C88685B61A2711B700FCF4FF /* Build configuration list for PBXProject "CS392Project" */;
			compatibilityVersion = "Xcode 3.2";
			developmentRegion = English;
			hasScannedForEncodings = 0;
			knownRegions = (
				en,
				Base,
			);
			mainGroup = C88685B21A2711B700FCF4FF;
			productRefGroup = C88685BC1A2711B700FCF4FF /* Products */;
			projectDirPath = "";
			projectRoot = "";
			targets = (
				C88685BA1A2711B700FCF4FF /* CS392Project */,
				C88685CF1A2711B700FCF4FF /* CS392ProjectTests */,
			);
		};
/* End PBXProject section */

/* Begin PBXResourcesBuildPhase section */
		C88685B91A2711B700FCF4FF /* Resources */ = {
			isa = PBXResourcesBuildPhase;
			buildActionMask = 2147483647;
			files = (
				C88685C61A2711B700FCF4FF /* Main.storyboard in Resources */,
				C88685CB1A2711B700FCF4FF /* LaunchScreen.xib in Resources */,
				C88685C81A2711B700FCF4FF /* Images.xcassets in Resources */,
			);
			runOnlyForDeploymentPostprocessing = 0;
		};
		C88685CE1A2711B700FCF4FF /* Resources */ = {
			isa = PBXResourcesBuildPhase;
			buildActionMask = 2147483647;
			files = (
			);
			runOnlyForDeploymentPostprocessing = 0;
		};
/* End PBXResourcesBuildPhase section */

/* Begin PBXSourcesBuildPhase section */
		C88685B71A2711B700FCF4FF /* Sources */ = {
			isa = PBXSourcesBuildPhase;
			buildActionMask = 2147483647;
			files = (
				C88685E31A2712D100FCF4FF /* NewsViewController.swift in Sources */,
				C88685E71A27131B00FCF4FF /* RSSParser.swift in Sources */,
				C8C9FE5D1A60160C00B22ED4 /* FeedsViewController.swift in Sources */,
				C80766EE1A5152980085E5C9 /* addFeedViewController.swift in Sources */,
				C88685E11A27129600FCF4FF /* TitlesTableViewController.swift in Sources */,
				C80766EA1A51483A0085E5C9 /* Feed.swift in Sources */,
				C88685E51A2712F700FCF4FF /* ContainerViewController.swift in Sources */,
				C8C9FE5F1A601A3200B22ED4 /* PopoverViewController.swift in Sources */,
				C88685C11A2711B700FCF4FF /* AppDelegate.swift in Sources */,
			);
			runOnlyForDeploymentPostprocessing = 0;
		};
		C88685CC1A2711B700FCF4FF /* Sources */ = {
			isa = PBXSourcesBuildPhase;
			buildActionMask = 2147483647;
			files = (
				C88685D71A2711B700FCF4FF /* CS392ProjectTests.swift in Sources */,
			);
			runOnlyForDeploymentPostprocessing = 0;
		};
/* End PBXSourcesBuildPhase section */

/* Begin PBXTargetDependency section */
		C88685D21A2711B700FCF4FF /* PBXTargetDependency */ = {
			isa = PBXTargetDependency;
			target = C88685BA1A2711B700FCF4FF /* CS392Project */;
			targetProxy = C88685D11A2711B700FCF4FF /* PBXContainerItemProxy */;
		};
/* End PBXTargetDependency section */

/* Begin PBXVariantGroup section */
		C88685C41A2711B700FCF4FF /* Main.storyboard */ = {
			isa = PBXVariantGroup;
			children = (
				C88685C51A2711B700FCF4FF /* Base */,
			);
			name = Main.storyboard;
			sourceTree = "<group>";
		};
		C88685C91A2711B700FCF4FF /* LaunchScreen.xib */ = {
			isa = PBXVariantGroup;
			children = (
				C88685CA1A2711B700FCF4FF /* Base */,
			);
			name = LaunchScreen.xib;
			sourceTree = "<group>";
		};
/* End PBXVariantGroup section */

/* Begin XCBuildConfiguration section */
		C88685D81A2711B700FCF4FF /* Debug */ = {
			isa = XCBuildConfiguration;
			buildSettings = {
				ALWAYS_SEARCH_USER_PATHS = NO;
				CLANG_CXX_LANGUAGE_STANDARD = "gnu++0x";
				CLANG_CXX_LIBRARY = "libc++";
				CLANG_ENABLE_MODULES = YES;
				CLANG_ENABLE_OBJC_ARC = YES;
				CLANG_WARN_BOOL_CONVERSION = YES;
				CLANG_WARN_CONSTANT_CONVERSION = YES;
				CLANG_WARN_DIRECT_OBJC_ISA_USAGE = YES_ERROR;
				CLANG_WARN_EMPTY_BODY = YES;
				CLANG_WARN_ENUM_CONVERSION = YES;
				CLANG_WARN_INT_CONVERSION = YES;
				CLANG_WARN_OBJC_ROOT_CLASS = YES_ERROR;
				CLANG_WARN_UNREACHABLE_CODE = YES;
				CLANG_WARN__DUPLICATE_METHOD_MATCH = YES;
				"CODE_SIGN_IDENTITY[sdk=iphoneos*]" = "iPhone Developer";
				COPY_PHASE_STRIP = NO;
				ENABLE_STRICT_OBJC_MSGSEND = YES;
				GCC_C_LANGUAGE_STANDARD = gnu99;
				GCC_DYNAMIC_NO_PIC = NO;
				GCC_OPTIMIZATION_LEVEL = 0;
				GCC_PREPROCESSOR_DEFINITIONS = (
					"DEBUG=1",
					"$(inherited)",
				);
				GCC_SYMBOLS_PRIVATE_EXTERN = NO;
				GCC_WARN_64_TO_32_BIT_CONVERSION = YES;
				GCC_WARN_ABOUT_RETURN_TYPE = YES_ERROR;
				GCC_WARN_UNDECLARED_SELECTOR = YES;
				GCC_WARN_UNINITIALIZED_AUTOS = YES_AGGRESSIVE;
				GCC_WARN_UNUSED_FUNCTION = YES;
				GCC_WARN_UNUSED_VARIABLE = YES;
				IPHONEOS_DEPLOYMENT_TARGET = 8.1;
				MTL_ENABLE_DEBUG_INFO = YES;
				ONLY_ACTIVE_ARCH = YES;
				SDKROOT = iphoneos;
				SWIFT_OPTIMIZATION_LEVEL = "-Onone";
				TARGETED_DEVICE_FAMILY = "1,2";
			};
			name = Debug;
		};
		C88685D91A2711B700FCF4FF /* Release */ = {
			isa = XCBuildConfiguration;
			buildSettings = {
				ALWAYS_SEARCH_USER_PATHS = NO;
				CLANG_CXX_LANGUAGE_STANDARD = "gnu++0x";
				CLANG_CXX_LIBRARY = "libc++";
				CLANG_ENABLE_MODULES = YES;
				CLANG_ENABLE_OBJC_ARC = YES;
				CLANG_WARN_BOOL_CONVERSION = YES;
				CLANG_WARN_CONSTANT_CONVERSION = YES;
				CLANG_WARN_DIRECT_OBJC_ISA_USAGE = YES_ERROR;
				CLANG_WARN_EMPTY_BODY = YES;
				CLANG_WARN_ENUM_CONVERSION = YES;
				CLANG_WARN_INT_CONVERSION = YES;
				CLANG_WARN_OBJC_ROOT_CLASS = YES_ERROR;
				CLANG_WARN_UNREACHABLE_CODE = YES;
				CLANG_WARN__DUPLICATE_METHOD_MATCH = YES;
				"CODE_SIGN_IDENTITY[sdk=iphoneos*]" = "iPhone Developer";
				COPY_PHASE_STRIP = YES;
				ENABLE_NS_ASSERTIONS = NO;
				ENABLE_STRICT_OBJC_MSGSEND = YES;
				GCC_C_LANGUAGE_STANDARD = gnu99;
				GCC_WARN_64_TO_32_BIT_CONVERSION = YES;
				GCC_WARN_ABOUT_RETURN_TYPE = YES_ERROR;
				GCC_WARN_UNDECLARED_SELECTOR = YES;
				GCC_WARN_UNINITIALIZED_AUTOS = YES_AGGRESSIVE;
				GCC_WARN_UNUSED_FUNCTION = YES;
				GCC_WARN_UNUSED_VARIABLE = YES;
				IPHONEOS_DEPLOYMENT_TARGET = 8.1;
				MTL_ENABLE_DEBUG_INFO = NO;
				SDKROOT = iphoneos;
				TARGETED_DEVICE_FAMILY = "1,2";
				VALIDATE_PRODUCT = YES;
			};
			name = Release;
		};
		C88685DB1A2711B700FCF4FF /* Debug */ = {
			isa = XCBuildConfiguration;
			buildSettings = {
				ASSETCATALOG_COMPILER_APPICON_NAME = AppIcon;
				INFOPLIST_FILE = CS392Project/Info.plist;
				LD_RUNPATH_SEARCH_PATHS = "$(inherited) @executable_path/Frameworks";
				PRODUCT_NAME = "$(TARGET_NAME)";
			};
			name = Debug;
		};
		C88685DC1A2711B700FCF4FF /* Release */ = {
			isa = XCBuildConfiguration;
			buildSettings = {
				ASSETCATALOG_COMPILER_APPICON_NAME = AppIcon;
				INFOPLIST_FILE = CS392Project/Info.plist;
				LD_RUNPATH_SEARCH_PATHS = "$(inherited) @executable_path/Frameworks";
				PRODUCT_NAME = "$(TARGET_NAME)";
			};
			name = Release;
		};
		C88685DE1A2711B700FCF4FF /* Debug */ = {
			isa = XCBuildConfiguration;
			buildSettings = {
				BUNDLE_LOADER = "$(TEST_HOST)";
				FRAMEWORK_SEARCH_PATHS = (
					"$(SDKROOT)/Developer/Library/Frameworks",
					"$(inherited)",
				);
				GCC_PREPROCESSOR_DEFINITIONS = (
					"DEBUG=1",
					"$(inherited)",
				);
				INFOPLIST_FILE = CS392ProjectTests/Info.plist;
				LD_RUNPATH_SEARCH_PATHS = "$(inherited) @executable_path/Frameworks @loader_path/Frameworks";
				PRODUCT_NAME = "$(TARGET_NAME)";
				TEST_HOST = "$(BUILT_PRODUCTS_DIR)/CS392Project.app/CS392Project";
			};
			name = Debug;
		};
		C88685DF1A2711B700FCF4FF /* Release */ = {
			isa = XCBuildConfiguration;
			buildSettings = {
				BUNDLE_LOADER = "$(TEST_HOST)";
				FRAMEWORK_SEARCH_PATHS = (
					"$(SDKROOT)/Developer/Library/Frameworks",
					"$(inherited)",
				);
				INFOPLIST_FILE = CS392ProjectTests/Info.plist;
				LD_RUNPATH_SEARCH_PATHS = "$(inherited) @executable_path/Frameworks @loader_path/Frameworks";
				PRODUCT_NAME = "$(TARGET_NAME)";
				TEST_HOST = "$(BUILT_PRODUCTS_DIR)/CS392Project.app/CS392Project";
			};
			name = Release;
		};
/* End XCBuildConfiguration section */

/* Begin XCConfigurationList section */
		C88685B61A2711B700FCF4FF /* Build configuration list for PBXProject "CS392Project" */ = {
			isa = XCConfigurationList;
			buildConfigurations = (
				C88685D81A2711B700FCF4FF /* Debug */,
				C88685D91A2711B700FCF4FF /* Release */,
			);
			defaultConfigurationIsVisible = 0;
			defaultConfigurationName = Release;
		};
		C88685DA1A2711B700FCF4FF /* Build configuration list for PBXNativeTarget "CS392Project" */ = {
			isa = XCConfigurationList;
			buildConfigurations = (
				C88685DB1A2711B700FCF4FF /* Debug */,
				C88685DC1A2711B700FCF4FF /* Release */,
			);
			defaultConfigurationIsVisible = 0;
			defaultConfigurationName = Release;
		};
		C88685DD1A2711B700FCF4FF /* Build configuration list for PBXNativeTarget "CS392ProjectTests" */ = {
			isa = XCConfigurationList;
			buildConfigurations = (
				C88685DE1A2711B700FCF4FF /* Debug */,
				C88685DF1A2711B700FCF4FF /* Release */,
			);
			defaultConfigurationIsVisible = 0;
			defaultConfigurationName = Release;
		};
/* End XCConfigurationList section */
	};
	rootObject = C88685B31A2711B700FCF4FF /* Project object */;
}
